
Microsoft Visual Studio Solution File, Format Version 12.00
# Visual Studio Version 17
VisualStudioVersion = 17.8.34330.188
MinimumVisualStudioVersion = 10.0.40219.1
Project("{FAE04EC0-301F-11D3-BF4B-00C04F79EFBC}") = "JataTestSpecFlowProject12122023", "JataTestSpecFlowProject12122023\JataTestSpecFlowProject12122023.csproj", "{CA8BBFC0-0CBC-4AF2-90F7-C94261FA2C8A}"
EndProject
Global
	GlobalSection(SolutionConfigurationPlatforms) = preSolution
		Debug|Any CPU = Debug|Any CPU
		Release|Any CPU = Release|Any CPU
	EndGlobalSection
	GlobalSection(ProjectConfigurationPlatforms) = postSolution
		{CA8BBFC0-0CBC-4AF2-90F7-C94261FA2C8A}.Debug|Any CPU.ActiveCfg = Debug|Any CPU
		{CA8BBFC0-0CBC-4AF2-90F7-C94261FA2C8A}.Debug|Any CPU.Build.0 = Debug|Any CPU
		{CA8BBFC0-0CBC-4AF2-90F7-C94261FA2C8A}.Release|Any CPU.ActiveCfg = Release|Any CPU
		{CA8BBFC0-0CBC-4AF2-90F7-C94261FA2C8A}.Release|Any CPU.Build.0 = Release|Any CPU
	EndGlobalSection
	GlobalSection(SolutionProperties) = preSolution
		HideSolutionNode = FALSE
	EndGlobalSection
	GlobalSection(ExtensibilityGlobals) = postSolution
		SolutionGuid = {06FD925A-EA7A-4F05-8C69-A82A43EC490B}
	EndGlobalSection
EndGlobal
